
Microsoft Visual Studio Solution File, Format Version 12.00
# Visual Studio Version 17
VisualStudioVersion = 17.5.33516.290
MinimumVisualStudioVersion = 10.0.40219.1
Project("{9A19103F-16F7-4668-BE54-9A1E7A4F7556}") = "Templates.PlainAdmin", "Templates.PlainAdmin\Templates.PlainAdmin.csproj", "{768E660B-A8EF-40E1-A773-984894FCE25B}"
EndProject
Global
	GlobalSection(SolutionConfigurationPlatforms) = preSolution
		Debug|Any CPU = Debug|Any CPU
		Release|Any CPU = Release|Any CPU
	EndGlobalSection
	GlobalSection(ProjectConfigurationPlatforms) = postSolution
		{768E660B-A8EF-40E1-A773-984894FCE25B}.Debug|Any CPU.ActiveCfg = Debug|Any CPU
		{768E660B-A8EF-40E1-A773-984894FCE25B}.Debug|Any CPU.Build.0 = Debug|Any CPU
		{768E660B-A8EF-40E1-A773-984894FCE25B}.Release|Any CPU.ActiveCfg = Release|Any CPU
		{768E660B-A8EF-40E1-A773-984894FCE25B}.Release|Any CPU.Build.0 = Release|Any CPU
	EndGlobalSection
	GlobalSection(SolutionProperties) = preSolution
		HideSolutionNode = FALSE
	EndGlobalSection
	GlobalSection(ExtensibilityGlobals) = postSolution
		SolutionGuid = {3AC4BE4F-34C8-464B-9602-4CCF8D835479}
	EndGlobalSection
EndGlobal
